github.com/shekhar-jha/go-demo-module v0.1.0-alpha h1:JEWuvKZcN3kkvgRnZFUMOkODY7ZN47GHbhxxpwo1hpE=
github.com/shekhar-jha/go-demo-module v0.1.0-alpha/go.mod h1:koTDH4xovOef8HlNNDeS5M7cQ3xZA7urrrLLeacwwKc=
github.com/shekhar-jha/go-demo-module/mod1 v0.1.0 h1:NCeFAi3yWiqAWroPQvw9B7skYP+e8iDwyXmMRx3lFsI=
github.com/shekhar-jha/go-demo-module/mod1 v0.1.0/go.mod h1:RDq80tIXrWivFhCwuohKA3ULXD1kfi30ogXrct2u5rs=
github.com/shekhar-jha/go-demo-module/mod2 v0.1.0 h1:OFkEGXymutSAKVxpo3j59vL5gXQSVcRAxKPi/7qEPqc=
github.com/shekhar-jha/go-demo-module/mod2 v0.1.0/go.mod h1:WNCqK0PC81/1IpFhUjinwAtIzrsq4ckUKUqtxqR+l6A=
