github.com/shekhar-jha/go-demo-module v0.2.0-beta h1:2xtU3KhxbxtgVAed8XPvG0iOPZQh77YvKnZ8hJkpfRE=
github.com/shekhar-jha/go-demo-module v0.2.0-beta/go.mod h1:H6H6SL3hMK3G1pnAe8YUgi7iYhNQTyuVsj3NcG7pohU=
github.com/shekhar-jha/go-demo-module/mod1 v0.1.0 h1:NCeFAi3yWiqAWroPQvw9B7skYP+e8iDwyXmMRx3lFsI=
github.com/shekhar-jha/go-demo-module/mod1 v0.1.0/go.mod h1:RDq80tIXrWivFhCwuohKA3ULXD1kfi30ogXrct2u5rs=
github.com/shekhar-jha/go-demo-module/mod2 v0.2.0 h1:cN7QRJoD5DNPf1ov4UIya04FRbiqKThmQmQUbdDxAn8=
github.com/shekhar-jha/go-demo-module/mod2 v0.2.0/go.mod h1:WNCqK0PC81/1IpFhUjinwAtIzrsq4ckUKUqtxqR+l6A=
