github.com/shekhar-jha/go-demo-module v0.1.0 h1:JSTFOS7/dcRVFSt18mNrZzVOlGr8QsZ4fTC4+DxOG9I=
github.com/shekhar-jha/go-demo-module v0.1.0/go.mod h1:VkxswkSRnn3yzXAKX+sT/9PJaUuQ8oD77uGeOlFVFaw=
github.com/shekhar-jha/go-demo-module/mod1 v0.2.1 h1:lYMr/9PoOqPigOH4dzw6lY3JP8TtUZVT6yLdQnyHCFI=
github.com/shekhar-jha/go-demo-module/mod1 v0.2.1/go.mod h1:7MDDcZvY50SD5oA3kveG7Z+jmJc9ff6xHatqYRiDdZg=
github.com/shekhar-jha/go-demo-module/mod2 v0.2.0 h1:cN7QRJoD5DNPf1ov4UIya04FRbiqKThmQmQUbdDxAn8=
github.com/shekhar-jha/go-demo-module/mod2 v0.2.0/go.mod h1:WNCqK0PC81/1IpFhUjinwAtIzrsq4ckUKUqtxqR+l6A=
